
Microsoft Visual Studio Solution File, Format Version 12.00
Project("{FAE04EC0-301F-11D3-BF4B-00C04F79EFBC}") = "WebAPI", "WebAPI\WebAPI.csproj", "{43586178-879F-4604-BDC8-4D83687A9B5C}"
EndProject
Project("{FAE04EC0-301F-11D3-BF4B-00C04F79EFBC}") = "Blazor", "Blazor\Blazor.csproj", "{7AE065E3-0E09-494E-883C-9A8F8F1768D2}"
EndProject
Global
	GlobalSection(SolutionConfigurationPlatforms) = preSolution
		Debug|Any CPU = Debug|Any CPU
		Release|Any CPU = Release|Any CPU
	EndGlobalSection
	GlobalSection(ProjectConfigurationPlatforms) = postSolution
		{43586178-879F-4604-BDC8-4D83687A9B5C}.Debug|Any CPU.ActiveCfg = Debug|Any CPU
		{43586178-879F-4604-BDC8-4D83687A9B5C}.Debug|Any CPU.Build.0 = Debug|Any CPU
		{43586178-879F-4604-BDC8-4D83687A9B5C}.Release|Any CPU.ActiveCfg = Release|Any CPU
		{43586178-879F-4604-BDC8-4D83687A9B5C}.Release|Any CPU.Build.0 = Release|Any CPU
		{7AE065E3-0E09-494E-883C-9A8F8F1768D2}.Debug|Any CPU.ActiveCfg = Debug|Any CPU
		{7AE065E3-0E09-494E-883C-9A8F8F1768D2}.Debug|Any CPU.Build.0 = Debug|Any CPU
		{7AE065E3-0E09-494E-883C-9A8F8F1768D2}.Release|Any CPU.ActiveCfg = Release|Any CPU
		{7AE065E3-0E09-494E-883C-9A8F8F1768D2}.Release|Any CPU.Build.0 = Release|Any CPU
	EndGlobalSection
EndGlobal
